
Microsoft Visual Studio Solution File, Format Version 12.00
# Visual Studio 15
VisualStudioVersion = 15.0.27703.2018
MinimumVisualStudioVersion = 10.0.40219.1
Project("{FAE04EC0-301F-11D3-BF4B-00C04F79EFBC}") = "CNTSEST", "CNTSEST\CNTSEST.csproj", "{0D542366-E868-42AB-A508-1E23E404F210}"
EndProject
Global
	GlobalSection(SolutionConfigurationPlatforms) = preSolution
		Debug|Any CPU = Debug|Any CPU
		Release|Any CPU = Release|Any CPU
	EndGlobalSection
	GlobalSection(ProjectConfigurationPlatforms) = postSolution
		{0D542366-E868-42AB-A508-1E23E404F210}.Debug|Any CPU.ActiveCfg = Debug|Any CPU
		{0D542366-E868-42AB-A508-1E23E404F210}.Debug|Any CPU.Build.0 = Debug|Any CPU
		{0D542366-E868-42AB-A508-1E23E404F210}.Release|Any CPU.ActiveCfg = Release|Any CPU
		{0D542366-E868-42AB-A508-1E23E404F210}.Release|Any CPU.Build.0 = Release|Any CPU
	EndGlobalSection
	GlobalSection(SolutionProperties) = preSolution
		HideSolutionNode = FALSE
	EndGlobalSection
	GlobalSection(ExtensibilityGlobals) = postSolution
		SolutionGuid = {C7A82228-DE7B-4363-B315-073A6BCEFAEA}
	EndGlobalSection
EndGlobal
